
Microsoft Visual Studio Solution File, Format Version 12.00
# Visual Studio Version 17
VisualStudioVersion = 17.14.36327.8 d17.14
MinimumVisualStudioVersion = 10.0.40219.1
Project("{FAE04EC0-301F-11D3-BF4B-00C04F79EFBC}") = "proyectoInicial", "proyectoInicial\proyectoInicial.csproj", "{165988EE-D8EB-4DE3-83AD-43A34B4B0BAB}"
EndProject
Global
	GlobalSection(SolutionConfigurationPlatforms) = preSolution
		Debug|Any CPU = Debug|Any CPU
		Release|Any CPU = Release|Any CPU
	EndGlobalSection
	GlobalSection(ProjectConfigurationPlatforms) = postSolution
		{165988EE-D8EB-4DE3-83AD-43A34B4B0BAB}.Debug|Any CPU.ActiveCfg = Debug|Any CPU
		{165988EE-D8EB-4DE3-83AD-43A34B4B0BAB}.Debug|Any CPU.Build.0 = Debug|Any CPU
		{165988EE-D8EB-4DE3-83AD-43A34B4B0BAB}.Release|Any CPU.ActiveCfg = Release|Any CPU
		{165988EE-D8EB-4DE3-83AD-43A34B4B0BAB}.Release|Any CPU.Build.0 = Release|Any CPU
	EndGlobalSection
	GlobalSection(SolutionProperties) = preSolution
		HideSolutionNode = FALSE
	EndGlobalSection
	GlobalSection(ExtensibilityGlobals) = postSolution
		SolutionGuid = {9800B26B-9511-4CD9-B5B7-97407DDAE89E}
	EndGlobalSection
EndGlobal
